
Microsoft Visual Studio Solution File, Format Version 12.00
# Visual Studio Version 17
VisualStudioVersion = 17.3.32825.248
MinimumVisualStudioVersion = 10.0.40219.1
Project("{9A19103F-16F7-4668-BE54-9A1E7A4F7556}") = "Fundamentals", "Fundamentals\Fundamentals.csproj", "{D1EEA8C3-0DEF-4A64-8C0F-DDA3EB517209}"
EndProject
Project("{9A19103F-16F7-4668-BE54-9A1E7A4F7556}") = "WpfClient", "WpfClient\WpfClient.csproj", "{65671243-4515-4704-8567-FB91726A0C1C}"
EndProject
Project("{FAE04EC0-301F-11D3-BF4B-00C04F79EFBC}") = "ViewModels", "ViewModels\ViewModels.csproj", "{650400FA-A427-4086-875A-10B9C90F795D}"
EndProject
Project("{FAE04EC0-301F-11D3-BF4B-00C04F79EFBC}") = "Domain", "Domain\Domain.csproj", "{16DBD9F9-09F2-4071-8696-34973A5134F0}"
EndProject
Project("{FAE04EC0-301F-11D3-BF4B-00C04F79EFBC}") = "Infrastructure", "Infrastructure\Infrastructure.csproj", "{8EE3866B-7084-43CF-9954-DF139D99CB36}"
EndProject
Global
	GlobalSection(SolutionConfigurationPlatforms) = preSolution
		Debug|Any CPU = Debug|Any CPU
		Release|Any CPU = Release|Any CPU
	EndGlobalSection
	GlobalSection(ProjectConfigurationPlatforms) = postSolution
		{D1EEA8C3-0DEF-4A64-8C0F-DDA3EB517209}.Debug|Any CPU.ActiveCfg = Debug|Any CPU
		{D1EEA8C3-0DEF-4A64-8C0F-DDA3EB517209}.Debug|Any CPU.Build.0 = Debug|Any CPU
		{D1EEA8C3-0DEF-4A64-8C0F-DDA3EB517209}.Release|Any CPU.ActiveCfg = Release|Any CPU
		{D1EEA8C3-0DEF-4A64-8C0F-DDA3EB517209}.Release|Any CPU.Build.0 = Release|Any CPU
		{65671243-4515-4704-8567-FB91726A0C1C}.Debug|Any CPU.ActiveCfg = Debug|Any CPU
		{65671243-4515-4704-8567-FB91726A0C1C}.Debug|Any CPU.Build.0 = Debug|Any CPU
		{65671243-4515-4704-8567-FB91726A0C1C}.Release|Any CPU.ActiveCfg = Release|Any CPU
		{65671243-4515-4704-8567-FB91726A0C1C}.Release|Any CPU.Build.0 = Release|Any CPU
		{650400FA-A427-4086-875A-10B9C90F795D}.Debug|Any CPU.ActiveCfg = Debug|Any CPU
		{650400FA-A427-4086-875A-10B9C90F795D}.Debug|Any CPU.Build.0 = Debug|Any CPU
		{650400FA-A427-4086-875A-10B9C90F795D}.Release|Any CPU.ActiveCfg = Release|Any CPU
		{650400FA-A427-4086-875A-10B9C90F795D}.Release|Any CPU.Build.0 = Release|Any CPU
		{16DBD9F9-09F2-4071-8696-34973A5134F0}.Debug|Any CPU.ActiveCfg = Debug|Any CPU
		{16DBD9F9-09F2-4071-8696-34973A5134F0}.Debug|Any CPU.Build.0 = Debug|Any CPU
		{16DBD9F9-09F2-4071-8696-34973A5134F0}.Release|Any CPU.ActiveCfg = Release|Any CPU
		{16DBD9F9-09F2-4071-8696-34973A5134F0}.Release|Any CPU.Build.0 = Release|Any CPU
		{8EE3866B-7084-43CF-9954-DF139D99CB36}.Debug|Any CPU.ActiveCfg = Debug|Any CPU
		{8EE3866B-7084-43CF-9954-DF139D99CB36}.Debug|Any CPU.Build.0 = Debug|Any CPU
		{8EE3866B-7084-43CF-9954-DF139D99CB36}.Release|Any CPU.ActiveCfg = Release|Any CPU
		{8EE3866B-7084-43CF-9954-DF139D99CB36}.Release|Any CPU.Build.0 = Release|Any CPU
	EndGlobalSection
	GlobalSection(SolutionProperties) = preSolution
		HideSolutionNode = FALSE
	EndGlobalSection
	GlobalSection(ExtensibilityGlobals) = postSolution
		SolutionGuid = {65B4CB2C-CCE8-4CE9-9D97-FA721666600B}
	EndGlobalSection
EndGlobal
